// !$*UTF8*$!
{
	archiveVersion = 1;
	classes = {
	};
	objectVersion = 48;
	objects = {

/* Begin PBXBuildFile section */
		67EA6D364B5EE41563379A44 /* Pods_W5D1.framework in Frameworks */ = {isa = PBXBuildFile; fileRef = 46151475BB067E8A8E8561AD /* Pods_W5D1.framework */; };
		A0B7C9532069C31B00EABE86 /* AppDelegate.swift in Sources */ = {isa = PBXBuildFile; fileRef = A0B7C9522069C31B00EABE86 /* AppDelegate.swift */; };
		A0B7C9552069C31B00EABE86 /* ViewController.swift in Sources */ = {isa = PBXBuildFile; fileRef = A0B7C9542069C31B00EABE86 /* ViewController.swift */; };
		A0B7C9582069C31B00EABE86 /* Main.storyboard in Resources */ = {isa = PBXBuildFile; fileRef = A0B7C9562069C31B00EABE86 /* Main.storyboard */; };
		A0B7C95A2069C31B00EABE86 /* Assets.xcassets in Resources */ = {isa = PBXBuildFile; fileRef = A0B7C9592069C31B00EABE86 /* Assets.xcassets */; };
		A0B7C95D2069C31B00EABE86 /* LaunchScreen.storyboard in Resources */ = {isa = PBXBuildFile; fileRef = A0B7C95B2069C31B00EABE86 /* LaunchScreen.storyboard */; };
		A0B7C9692069CAB700EABE86 /* AppKeys.swift in Sources */ = {isa = PBXBuildFile; fileRef = A0B7C9682069CAB700EABE86 /* AppKeys.swift */; };
		A0B7C96B2069D25D00EABE86 /* AnimalClass.swift in Sources */ = {isa = PBXBuildFile; fileRef = A0B7C96A2069D25D00EABE86 /* AnimalClass.swift */; };
		A0B7C96D2069E2C700EABE86 /* TableViewCell.swift in Sources */ = {isa = PBXBuildFile; fileRef = A0B7C96C2069E2C700EABE86 /* TableViewCell.swift */; };
/* End PBXBuildFile section */

/* Begin PBXFileReference section */
		0C6BC04EA39AD6B80A76AFBC /* Pods-W5D1.release.xcconfig */ = {isa = PBXFileReference; includeInIndex = 1; lastKnownFileType = text.xcconfig; name = "Pods-W5D1.release.xcconfig"; path = "Pods/Target Support Files/Pods-W5D1/Pods-W5D1.release.xcconfig"; sourceTree = "<group>"; };
		46151475BB067E8A8E8561AD /* Pods_W5D1.framework */ = {isa = PBXFileReference; explicitFileType = wrapper.framework; includeInIndex = 0; path = Pods_W5D1.framework; sourceTree = BUILT_PRODUCTS_DIR; };
		81A5E73FC9E10B3E84A3A852 /* Pods-W5D1.debug.xcconfig */ = {isa = PBXFileReference; includeInIndex = 1; lastKnownFileType = text.xcconfig; name = "Pods-W5D1.debug.xcconfig"; path = "Pods/Target Support Files/Pods-W5D1/Pods-W5D1.debug.xcconfig"; sourceTree = "<group>"; };
		A0B7C94F2069C31B00EABE86 /* W5D1.app */ = {isa = PBXFileReference; explicitFileType = wrapper.application; includeInIndex = 0; path = W5D1.app; sourceTree = BUILT_PRODUCTS_DIR; };
		A0B7C9522069C31B00EABE86 /* AppDelegate.swift */ = {isa = PBXFileReference; lastKnownFileType = sourcecode.swift; path = AppDelegate.swift; sourceTree = "<group>"; };
		A0B7C9542069C31B00EABE86 /* ViewController.swift */ = {isa = PBXFileReference; lastKnownFileType = sourcecode.swift; path = ViewController.swift; sourceTree = "<group>"; };
		A0B7C9572069C31B00EABE86 /* Base */ = {isa = PBXFileReference; lastKnownFileType = file.storyboard; name = Base; path = Base.lproj/Main.storyboard; sourceTree = "<group>"; };
		A0B7C9592069C31B00EABE86 /* Assets.xcassets */ = {isa = PBXFileReference; lastKnownFileType = folder.assetcatalog; path = Assets.xcassets; sourceTree = "<group>"; };
		A0B7C95C2069C31B00EABE86 /* Base */ = {isa = PBXFileReference; lastKnownFileType = file.storyboard; name = Base; path = Base.lproj/LaunchScreen.storyboard; sourceTree = "<group>"; };
		A0B7C95E2069C31B00EABE86 /* Info.plist */ = {isa = PBXFileReference; lastKnownFileType = text.plist.xml; path = Info.plist; sourceTree = "<group>"; };
		A0B7C9672069C47C00EABE86 /* Parse.framework */ = {isa = PBXFileReference; explicitFileType = wrapper.framework; path = Parse.framework; sourceTree = BUILT_PRODUCTS_DIR; };
		A0B7C9682069CAB700EABE86 /* AppKeys.swift */ = {isa = PBXFileReference; lastKnownFileType = sourcecode.swift; path = AppKeys.swift; sourceTree = "<group>"; };
		A0B7C96A2069D25D00EABE86 /* AnimalClass.swift */ = {isa = PBXFileReference; lastKnownFileType = sourcecode.swift; path = AnimalClass.swift; sourceTree = "<group>"; };
		A0B7C96C2069E2C700EABE86 /* TableViewCell.swift */ = {isa = PBXFileReference; lastKnownFileType = sourcecode.swift; path = TableViewCell.swift; sourceTree = "<group>"; };
/* End PBXFileReference section */

/* Begin PBXFrameworksBuildPhase section */
		A0B7C94C2069C31B00EABE86 /* Frameworks */ = {
			isa = PBXFrameworksBuildPhase;
			buildActionMask = 2147483647;
			files = (
				67EA6D364B5EE41563379A44 /* Pods_W5D1.framework in Frameworks */,
			);
			runOnlyForDeploymentPostprocessing = 0;
		};
/* End PBXFrameworksBuildPhase section */

/* Begin PBXGroup section */
		4573096375A5C287B7BB7A3B /* Pods */ = {
			isa = PBXGroup;
			children = (
				81A5E73FC9E10B3E84A3A852 /* Pods-W5D1.debug.xcconfig */,
				0C6BC04EA39AD6B80A76AFBC /* Pods-W5D1.release.xcconfig */,
			);
			name = Pods;
			sourceTree = "<group>";
		};
		A0B7C9462069C31B00EABE86 = {
			isa = PBXGroup;
			children = (
				A0B7C9512069C31B00EABE86 /* W5D1 */,
				A0B7C9502069C31B00EABE86 /* Products */,
				4573096375A5C287B7BB7A3B /* Pods */,
				F9FE2131282646FAFA2150BC /* Frameworks */,
			);
			sourceTree = "<group>";
		};
		A0B7C9502069C31B00EABE86 /* Products */ = {
			isa = PBXGroup;
			children = (
				A0B7C94F2069C31B00EABE86 /* W5D1.app */,
			);
			name = Products;
			sourceTree = "<group>";
		};
		A0B7C9512069C31B00EABE86 /* W5D1 */ = {
			isa = PBXGroup;
			children = (
				A0B7C9522069C31B00EABE86 /* AppDelegate.swift */,
				A0B7C9542069C31B00EABE86 /* ViewController.swift */,
				A0B7C96C2069E2C700EABE86 /* TableViewCell.swift */,
				A0B7C9562069C31B00EABE86 /* Main.storyboard */,
				A0B7C9592069C31B00EABE86 /* Assets.xcassets */,
				A0B7C95B2069C31B00EABE86 /* LaunchScreen.storyboard */,
				A0B7C95E2069C31B00EABE86 /* Info.plist */,
				A0B7C9682069CAB700EABE86 /* AppKeys.swift */,
				A0B7C96A2069D25D00EABE86 /* AnimalClass.swift */,
			);
			path = W5D1;
			sourceTree = "<group>";
		};
		F9FE2131282646FAFA2150BC /* Frameworks */ = {
			isa = PBXGroup;
			children = (
				A0B7C9672069C47C00EABE86 /* Parse.framework */,
				46151475BB067E8A8E8561AD /* Pods_W5D1.framework */,
			);
			name = Frameworks;
			sourceTree = "<group>";
		};
/* End PBXGroup section */

/* Begin PBXNativeTarget section */
		A0B7C94E2069C31B00EABE86 /* W5D1 */ = {
			isa = PBXNativeTarget;
			buildConfigurationList = A0B7C9612069C31B00EABE86 /* Build configuration list for PBXNativeTarget "W5D1" */;
			buildPhases = (
				67D724A99313CD4E338A5AF1 /* [CP] Check Pods Manifest.lock */,
				A0B7C94B2069C31B00EABE86 /* Sources */,
				A0B7C94C2069C31B00EABE86 /* Frameworks */,
				A0B7C94D2069C31B00EABE86 /* Resources */,
				017A1F416693B60AD2360BB4 /* [CP] Embed Pods Frameworks */,
				D2214F81F9FE6BB099BE5E97 /* [CP] Copy Pods Resources */,
			);
			buildRules = (
			);
			dependencies = (
			);
			name = W5D1;
			productName = W5D1;
			productReference = A0B7C94F2069C31B00EABE86 /* W5D1.app */;
			productType = "com.apple.product-type.application";
		};
/* End PBXNativeTarget section */

/* Begin PBXProject section */
		A0B7C9472069C31B00EABE86 /* Project object */ = {
			isa = PBXProject;
			attributes = {
				LastSwiftUpdateCheck = 0920;
				LastUpgradeCheck = 0920;
				ORGANIZATIONNAME = shauntc;
				TargetAttributes = {
					A0B7C94E2069C31B00EABE86 = {
						CreatedOnToolsVersion = 9.2;
						ProvisioningStyle = Automatic;
					};
				};
			};
			buildConfigurationList = A0B7C94A2069C31B00EABE86 /* Build configuration list for PBXProject "W5D1" */;
			compatibilityVersion = "Xcode 8.0";
			developmentRegion = en;
			hasScannedForEncodings = 0;
			knownRegions = (
				en,
				Base,
			);
			mainGroup = A0B7C9462069C31B00EABE86;
			productRefGroup = A0B7C9502069C31B00EABE86 /* Products */;
			projectDirPath = "";
			projectRoot = "";
			targets = (
				A0B7C94E2069C31B00EABE86 /* W5D1 */,
			);
		};
/* End PBXProject section */

/* Begin PBXResourcesBuildPhase section */
		A0B7C94D2069C31B00EABE86 /* Resources */ = {
			isa = PBXResourcesBuildPhase;
			buildActionMask = 2147483647;
			files = (
				A0B7C95D2069C31B00EABE86 /* LaunchScreen.storyboard in Resources */,
				A0B7C95A2069C31B00EABE86 /* Assets.xcassets in Resources */,
				A0B7C9582069C31B00EABE86 /* Main.storyboard in Resources */,
			);
			runOnlyForDeploymentPostprocessing = 0;
		};
/* End PBXResourcesBuildPhase section */

/* Begin PBXShellScriptBuildPhase section */
		017A1F416693B60AD2360BB4 /* [CP] Embed Pods Frameworks */ = {
			isa = PBXShellScriptBuildPhase;
			buildActionMask = 2147483647;
			files = (
			);
			inputPaths = (
				"${SRCROOT}/Pods/Target Support Files/Pods-W5D1/Pods-W5D1-frameworks.sh",
				"${BUILT_PRODUCTS_DIR}/Bolts/Bolts.framework",
				"${BUILT_PRODUCTS_DIR}/Parse/Parse.framework",
			);
			name = "[CP] Embed Pods Frameworks";
			outputPaths = (
				"${TARGET_BUILD_DIR}/${FRAMEWORKS_FOLDER_PATH}/Bolts.framework",
				"${TARGET_BUILD_DIR}/${FRAMEWORKS_FOLDER_PATH}/Parse.framework",
			);
			runOnlyForDeploymentPostprocessing = 0;
			shellPath = /bin/sh;
			shellScript = "\"${SRCROOT}/Pods/Target Support Files/Pods-W5D1/Pods-W5D1-frameworks.sh\"\n";
			showEnvVarsInLog = 0;
		};
		67D724A99313CD4E338A5AF1 /* [CP] Check Pods Manifest.lock */ = {
			isa = PBXShellScriptBuildPhase;
			buildActionMask = 2147483647;
			files = (
			);
			inputPaths = (
				"${PODS_PODFILE_DIR_PATH}/Podfile.lock",
				"${PODS_ROOT}/Manifest.lock",
			);
			name = "[CP] Check Pods Manifest.lock";
			outputPaths = (
				"$(DERIVED_FILE_DIR)/Pods-W5D1-checkManifestLockResult.txt",
			);
			runOnlyForDeploymentPostprocessing = 0;
			shellPath = /bin/sh;
			shellScript = "diff \"${PODS_PODFILE_DIR_PATH}/Podfile.lock\" \"${PODS_ROOT}/Manifest.lock\" > /dev/null\nif [ $? != 0 ] ; then\n    # print error to STDERR\n    echo \"error: The sandbox is not in sync with the Podfile.lock. Run 'pod install' or update your CocoaPods installation.\" >&2\n    exit 1\nfi\n# This output is used by Xcode 'outputs' to avoid re-running this script phase.\necho \"SUCCESS\" > \"${SCRIPT_OUTPUT_FILE_0}\"\n";
			showEnvVarsInLog = 0;
		};
		D2214F81F9FE6BB099BE5E97 /* [CP] Copy Pods Resources */ = {
			isa = PBXShellScriptBuildPhase;
			buildActionMask = 2147483647;
			files = (
			);
			inputPaths = (
			);
			name = "[CP] Copy Pods Resources";
			outputPaths = (
			);
			runOnlyForDeploymentPostprocessing = 0;
			shellPath = /bin/sh;
			shellScript = "\"${SRCROOT}/Pods/Target Support Files/Pods-W5D1/Pods-W5D1-resources.sh\"\n";
			showEnvVarsInLog = 0;
		};
/* End PBXShellScriptBuildPhase section */

/* Begin PBXSourcesBuildPhase section */
		A0B7C94B2069C31B00EABE86 /* Sources */ = {
			isa = PBXSourcesBuildPhase;
			buildActionMask = 2147483647;
			files = (
				A0B7C9552069C31B00EABE86 /* ViewController.swift in Sources */,
				A0B7C9692069CAB700EABE86 /* AppKeys.swift in Sources */,
				A0B7C9532069C31B00EABE86 /* AppDelegate.swift in Sources */,
				A0B7C96D2069E2C700EABE86 /* TableViewCell.swift in Sources */,
				A0B7C96B2069D25D00EABE86 /* AnimalClass.swift in Sources */,
			);
			runOnlyForDeploymentPostprocessing = 0;
		};
/* End PBXSourcesBuildPhase section */

/* Begin PBXVariantGroup section */
		A0B7C9562069C31B00EABE86 /* Main.storyboard */ = {
			isa = PBXVariantGroup;
			children = (
				A0B7C9572069C31B00EABE86 /* Base */,
			);
			name = Main.storyboard;
			sourceTree = "<group>";
		};
		A0B7C95B2069C31B00EABE86 /* LaunchScreen.storyboard */ = {
			isa = PBXVariantGroup;
			children = (
				A0B7C95C2069C31B00EABE86 /* Base */,
			);
			name = LaunchScreen.storyboard;
			sourceTree = "<group>";
		};
/* End PBXVariantGroup section */

/* Begin XCBuildConfiguration section */
		A0B7C95F2069C31B00EABE86 /* Debug */ = {
			isa = XCBuildConfiguration;
			buildSettings = {
				ALWAYS_SEARCH_USER_PATHS = NO;
				CLANG_ANALYZER_NONNULL = YES;
				CLANG_ANALYZER_NUMBER_OBJECT_CONVERSION = YES_AGGRESSIVE;
				CLANG_CXX_LANGUAGE_STANDARD = "gnu++14";
				CLANG_CXX_LIBRARY = "libc++";
				CLANG_ENABLE_MODULES = YES;
				CLANG_ENABLE_OBJC_ARC = YES;
				CLANG_WARN_BLOCK_CAPTURE_AUTORELEASING = YES;
				CLANG_WARN_BOOL_CONVERSION = YES;
				CLANG_WARN_COMMA = YES;
				CLANG_WARN_CONSTANT_CONVERSION = YES;
				CLANG_WARN_DIRECT_OBJC_ISA_USAGE = YES_ERROR;
				CLANG_WARN_DOCUMENTATION_COMMENTS = YES;
				CLANG_WARN_EMPTY_BODY = YES;
				CLANG_WARN_ENUM_CONVERSION = YES;
				CLANG_WARN_INFINITE_RECURSION = YES;
				CLANG_WARN_INT_CONVERSION = YES;
				CLANG_WARN_NON_LITERAL_NULL_CONVERSION = YES;
				CLANG_WARN_OBJC_LITERAL_CONVERSION = YES;
				CLANG_WARN_OBJC_ROOT_CLASS = YES_ERROR;
				CLANG_WARN_RANGE_LOOP_ANALYSIS = YES;
				CLANG_WARN_STRICT_PROTOTYPES = YES;
				CLANG_WARN_SUSPICIOUS_MOVE = YES;
				CLANG_WARN_UNGUARDED_AVAILABILITY = YES_AGGRESSIVE;
				CLANG_WARN_UNREACHABLE_CODE = YES;
				CLANG_WARN__DUPLICATE_METHOD_MATCH = YES;
				CODE_SIGN_IDENTITY = "iPhone Developer";
				COPY_PHASE_STRIP = NO;
				DEBUG_INFORMATION_FORMAT = dwarf;
				ENABLE_STRICT_OBJC_MSGSEND = YES;
				ENABLE_TESTABILITY = YES;
				GCC_C_LANGUAGE_STANDARD = gnu11;
				GCC_DYNAMIC_NO_PIC = NO;
				GCC_NO_COMMON_BLOCKS = YES;
				GCC_OPTIMIZATION_LEVEL = 0;
				GCC_PREPROCESSOR_DEFINITIONS = (
					"DEBUG=1",
					"$(inherited)",
				);
				GCC_WARN_64_TO_32_BIT_CONVERSION = YES;
				GCC_WARN_ABOUT_RETURN_TYPE = YES_ERROR;
				GCC_WARN_UNDECLARED_SELECTOR = YES;
				GCC_WARN_UNINITIALIZED_AUTOS = YES_AGGRESSIVE;
				GCC_WARN_UNUSED_FUNCTION = YES;
				GCC_WARN_UNUSED_VARIABLE = YES;
				IPHONEOS_DEPLOYMENT_TARGET = 11.2;
				MTL_ENABLE_DEBUG_INFO = YES;
				ONLY_ACTIVE_ARCH = YES;
				SDKROOT = iphoneos;
				SWIFT_ACTIVE_COMPILATION_CONDITIONS = DEBUG;
				SWIFT_OPTIMIZATION_LEVEL = "-Onone";
			};
			name = Debug;
		};
		A0B7C9602069C31B00EABE86 /* Release */ = {
			isa = XCBuildConfiguration;
			buildSettings = {
				ALWAYS_SEARCH_USER_PATHS = NO;
				CLANG_ANALYZER_NONNULL = YES;
				CLANG_ANALYZER_NUMBER_OBJECT_CONVERSION = YES_AGGRESSIVE;
				CLANG_CXX_LANGUAGE_STANDARD = "gnu++14";
				CLANG_CXX_LIBRARY = "libc++";
				CLANG_ENABLE_MODULES = YES;
				CLANG_ENABLE_OBJC_ARC = YES;
				CLANG_WARN_BLOCK_CAPTURE_AUTORELEASING = YES;
				CLANG_WARN_BOOL_CONVERSION = YES;
				CLANG_WARN_COMMA = YES;
				CLANG_WARN_CONSTANT_CONVERSION = YES;
				CLANG_WARN_DIRECT_OBJC_ISA_USAGE = YES_ERROR;
				CLANG_WARN_DOCUMENTATION_COMMENTS = YES;
				CLANG_WARN_EMPTY_BODY = YES;
				CLANG_WARN_ENUM_CONVERSION = YES;
				CLANG_WARN_INFINITE_RECURSION = YES;
				CLANG_WARN_INT_CONVERSION = YES;
				CLANG_WARN_NON_LITERAL_NULL_CONVERSION = YES;
				CLANG_WARN_OBJC_LITERAL_CONVERSION = YES;
				CLANG_WARN_OBJC_ROOT_CLASS = YES_ERROR;
				CLANG_WARN_RANGE_LOOP_ANALYSIS = YES;
				CLANG_WARN_STRICT_PROTOTYPES = YES;
				CLANG_WARN_SUSPICIOUS_MOVE = YES;
				CLANG_WARN_UNGUARDED_AVAILABILITY = YES_AGGRESSIVE;
				CLANG_WARN_UNREACHABLE_CODE = YES;
				CLANG_WARN__DUPLICATE_METHOD_MATCH = YES;
				CODE_SIGN_IDENTITY = "iPhone Developer";
				COPY_PHASE_STRIP = NO;
				DEBUG_INFORMATION_FORMAT = "dwarf-with-dsym";
				ENABLE_NS_ASSERTIONS = NO;
				ENABLE_STRICT_OBJC_MSGSEND = YES;
				GCC_C_LANGUAGE_STANDARD = gnu11;
				GCC_NO_COMMON_BLOCKS = YES;
				GCC_WARN_64_TO_32_BIT_CONVERSION = YES;
				GCC_WARN_ABOUT_RETURN_TYPE = YES_ERROR;
				GCC_WARN_UNDECLARED_SELECTOR = YES;
				GCC_WARN_UNINITIALIZED_AUTOS = YES_AGGRESSIVE;
				GCC_WARN_UNUSED_FUNCTION = YES;
				GCC_WARN_UNUSED_VARIABLE = YES;
				IPHONEOS_DEPLOYMENT_TARGET = 11.2;
				MTL_ENABLE_DEBUG_INFO = NO;
				SDKROOT = iphoneos;
				SWIFT_OPTIMIZATION_LEVEL = "-Owholemodule";
				VALIDATE_PRODUCT = YES;
			};
			name = Release;
		};
		A0B7C9622069C31B00EABE86 /* Debug */ = {
			isa = XCBuildConfiguration;
			baseConfigurationReference = 81A5E73FC9E10B3E84A3A852 /* Pods-W5D1.debug.xcconfig */;
			buildSettings = {
				ASSETCATALOG_COMPILER_APPICON_NAME = AppIcon;
				CODE_SIGN_STYLE = Automatic;
				DEVELOPMENT_TEAM = BC64SJHG86;
				INFOPLIST_FILE = W5D1/Info.plist;
				LD_RUNPATH_SEARCH_PATHS = "$(inherited) @executable_path/Frameworks";
				PRODUCT_BUNDLE_IDENTIFIER = com.shauntc.W5D1;
				PRODUCT_NAME = "$(TARGET_NAME)";
				SWIFT_VERSION = 4.0;
				TARGETED_DEVICE_FAMILY = "1,2";
			};
			name = Debug;
		};
		A0B7C9632069C31B00EABE86 /* Release */ = {
			isa = XCBuildConfiguration;
			baseConfigurationReference = 0C6BC04EA39AD6B80A76AFBC /* Pods-W5D1.release.xcconfig */;
			buildSettings = {
				ASSETCATALOG_COMPILER_APPICON_NAME = AppIcon;
				CODE_SIGN_STYLE = Automatic;
				DEVELOPMENT_TEAM = BC64SJHG86;
				INFOPLIST_FILE = W5D1/Info.plist;
				LD_RUNPATH_SEARCH_PATHS = "$(inherited) @executable_path/Frameworks";
				PRODUCT_BUNDLE_IDENTIFIER = com.shauntc.W5D1;
				PRODUCT_NAME = "$(TARGET_NAME)";
				SWIFT_VERSION = 4.0;
				TARGETED_DEVICE_FAMILY = "1,2";
			};
			name = Release;
		};
/* End XCBuildConfiguration section */

/* Begin XCConfigurationList section */
		A0B7C94A2069C31B00EABE86 /* Build configuration list for PBXProject "W5D1" */ = {
			isa = XCConfigurationList;
			buildConfigurations = (
				A0B7C95F2069C31B00EABE86 /* Debug */,
				A0B7C9602069C31B00EABE86 /* Release */,
			);
			defaultConfigurationIsVisible = 0;
			defaultConfigurationName = Release;
		};
		A0B7C9612069C31B00EABE86 /* Build configuration list for PBXNativeTarget "W5D1" */ = {
			isa = XCConfigurationList;
			buildConfigurations = (
				A0B7C9622069C31B00EABE86 /* Debug */,
				A0B7C9632069C31B00EABE86 /* Release */,
			);
			defaultConfigurationIsVisible = 0;
			defaultConfigurationName = Release;
		};
/* End XCConfigurationList section */
	};
	rootObject = A0B7C9472069C31B00EABE86 /* Project object */;
}
